
Microsoft Visual Studio Solution File, Format Version 12.00
# Visual Studio 15
Project("{FAE04EC0-301F-11D3-BF4B-00C04F79EFBC}") = "Assembly-CSharp-firstpass", "Assembly-CSharp-firstpass.csproj", "{E16BFBD8-DDC1-EBC0-2850-1E8F2BEF1795}"
EndProject
Project("{FAE04EC0-301F-11D3-BF4B-00C04F79EFBC}") = "Assembly-CSharp", "Assembly-CSharp.csproj", "{4531B5A7-3A57-5048-BD70-0A2DCC0DCABA}"
EndProject
Project("{FAE04EC0-301F-11D3-BF4B-00C04F79EFBC}") = "Assembly-CSharp-Editor-firstpass", "Assembly-CSharp-Editor-firstpass.csproj", "{D18C88EB-941F-0E74-01D2-5B3AA74699F0}"
EndProject
Global
	GlobalSection(SolutionConfigurationPlatforms) = preSolution
		Debug|Any CPU = Debug|Any CPU
		Release|Any CPU = Release|Any CPU
	EndGlobalSection
	GlobalSection(ProjectConfigurationPlatforms) = postSolution
		{E16BFBD8-DDC1-EBC0-2850-1E8F2BEF1795}.Debug|Any CPU.ActiveCfg = Debug|Any CPU
		{E16BFBD8-DDC1-EBC0-2850-1E8F2BEF1795}.Debug|Any CPU.Build.0 = Debug|Any CPU
		{E16BFBD8-DDC1-EBC0-2850-1E8F2BEF1795}.Release|Any CPU.ActiveCfg = Release|Any CPU
		{E16BFBD8-DDC1-EBC0-2850-1E8F2BEF1795}.Release|Any CPU.Build.0 = Release|Any CPU
		{4531B5A7-3A57-5048-BD70-0A2DCC0DCABA}.Debug|Any CPU.ActiveCfg = Debug|Any CPU
		{4531B5A7-3A57-5048-BD70-0A2DCC0DCABA}.Debug|Any CPU.Build.0 = Debug|Any CPU
		{4531B5A7-3A57-5048-BD70-0A2DCC0DCABA}.Release|Any CPU.ActiveCfg = Release|Any CPU
		{4531B5A7-3A57-5048-BD70-0A2DCC0DCABA}.Release|Any CPU.Build.0 = Release|Any CPU
		{D18C88EB-941F-0E74-01D2-5B3AA74699F0}.Debug|Any CPU.ActiveCfg = Debug|Any CPU
		{D18C88EB-941F-0E74-01D2-5B3AA74699F0}.Debug|Any CPU.Build.0 = Debug|Any CPU
		{D18C88EB-941F-0E74-01D2-5B3AA74699F0}.Release|Any CPU.ActiveCfg = Release|Any CPU
		{D18C88EB-941F-0E74-01D2-5B3AA74699F0}.Release|Any CPU.Build.0 = Release|Any CPU
	EndGlobalSection
	GlobalSection(SolutionProperties) = preSolution
		HideSolutionNode = FALSE
	EndGlobalSection
EndGlobal
